
Microsoft Visual Studio Solution File, Format Version 12.00
# Visual Studio Version 16
VisualStudioVersion = 16.0.31515.178
MinimumVisualStudioVersion = 10.0.40219.1
Project("{FAE04EC0-301F-11D3-BF4B-00C04F79EFBC}") = "ReturnJsonView", "ReturnJsonView\ReturnJsonView.csproj", "{A2333695-B46D-492E-A35B-2F4523532A43}"
EndProject
Global
	GlobalSection(SolutionConfigurationPlatforms) = preSolution
		Debug|Any CPU = Debug|Any CPU
		Release|Any CPU = Release|Any CPU
	EndGlobalSection
	GlobalSection(ProjectConfigurationPlatforms) = postSolution
		{A2333695-B46D-492E-A35B-2F4523532A43}.Debug|Any CPU.ActiveCfg = Debug|Any CPU
		{A2333695-B46D-492E-A35B-2F4523532A43}.Debug|Any CPU.Build.0 = Debug|Any CPU
		{A2333695-B46D-492E-A35B-2F4523532A43}.Release|Any CPU.ActiveCfg = Release|Any CPU
		{A2333695-B46D-492E-A35B-2F4523532A43}.Release|Any CPU.Build.0 = Release|Any CPU
	EndGlobalSection
	GlobalSection(SolutionProperties) = preSolution
		HideSolutionNode = FALSE
	EndGlobalSection
	GlobalSection(ExtensibilityGlobals) = postSolution
		SolutionGuid = {DB04EC0B-428E-46BF-A964-9CB433E7FD2A}
	EndGlobalSection
EndGlobal
